name: 'Lock threads'

on:
  schedule:
    - cron: '0 0 * * *'

jobs:
  lock:
    runs-on: ubuntu-latest
    steps:
      - uses: dessant/lock-threads@v2
        with:
          github-token: ${{ github.token }}
          issue-lock-inactive-days: '10'
          issue-exclude-created-before: ''
          issue-exclude-labels: 'planned'
          issue-lock-labels: 'outdated'
          issue-lock-comment: 'This issue has been automatically locked since there has not been any recent activity after it was closed. Please open a new issue for related bugs.'
          issue-lock-reason: 'resolved'
          pr-lock-inactive-days: '365'
          pr-exclude-created-before: ''
          pr-exclude-labels: ''
          pr-lock-labels: ''
          pr-lock-comment: ''
          pr-lock-reason: 'resolved'
          process-only: 'issues'
